// !$*UTF8*$!
{
	archiveVersion = 1;
	classes = {
	};
	objectVersion = 50;
	objects = {

/* Begin PBXBuildFile section */
		45FFDF0E21469A540074ED79 /* AppDelegate.swift in Sources */ = {isa = PBXBuildFile; fileRef = 45FFDF0D21469A540074ED79 /* AppDelegate.swift */; };
		45FFDF1021469A540074ED79 /* ViewController.swift in Sources */ = {isa = PBXBuildFile; fileRef = 45FFDF0F21469A540074ED79 /* ViewController.swift */; };
		45FFDF1321469A540074ED79 /* Main.storyboard in Resources */ = {isa = PBXBuildFile; fileRef = 45FFDF1121469A540074ED79 /* Main.storyboard */; };
		45FFDF1521469A560074ED79 /* Assets.xcassets in Resources */ = {isa = PBXBuildFile; fileRef = 45FFDF1421469A560074ED79 /* Assets.xcassets */; };
		45FFDF1821469A560074ED79 /* LaunchScreen.storyboard in Resources */ = {isa = PBXBuildFile; fileRef = 45FFDF1621469A560074ED79 /* LaunchScreen.storyboard */; };
		45FFDF2321469A560074ED79 /* TestFrameworkTests.swift in Sources */ = {isa = PBXBuildFile; fileRef = 45FFDF2221469A560074ED79 /* TestFrameworkTests.swift */; };
		45FFDF2E21469A560074ED79 /* TestFrameworkUITests.swift in Sources */ = {isa = PBXBuildFile; fileRef = 45FFDF2D21469A560074ED79 /* TestFrameworkUITests.swift */; };
		45FFDF6D21469DD00074ED79 /* TestFW.framework in Frameworks */ = {isa = PBXBuildFile; fileRef = 45FFDF6C21469DD00074ED79 /* TestFW.framework */; };
		45FFDF6E21469DD50074ED79 /* TestFW.framework in CopyFiles */ = {isa = PBXBuildFile; fileRef = 45FFDF6C21469DD00074ED79 /* TestFW.framework */; settings = {ATTRIBUTES = (CodeSignOnCopy, RemoveHeadersOnCopy, ); }; };
/* End PBXBuildFile section */

/* Begin PBXContainerItemProxy section */
		45FFDF1F21469A560074ED79 /* PBXContainerItemProxy */ = {
			isa = PBXContainerItemProxy;
			containerPortal = 45FFDF0221469A530074ED79 /* Project object */;
			proxyType = 1;
			remoteGlobalIDString = 45FFDF0921469A540074ED79;
			remoteInfo = TestFramework;
		};
		45FFDF2A21469A560074ED79 /* PBXContainerItemProxy */ = {
			isa = PBXContainerItemProxy;
			containerPortal = 45FFDF0221469A530074ED79 /* Project object */;
			proxyType = 1;
			remoteGlobalIDString = 45FFDF0921469A540074ED79;
			remoteInfo = TestFramework;
		};
/* End PBXContainerItemProxy section */

/* Begin PBXCopyFilesBuildPhase section */
		45FFDF6B21469C950074ED79 /* CopyFiles */ = {
			isa = PBXCopyFilesBuildPhase;
			buildActionMask = 2147483647;
			dstPath = "";
			dstSubfolderSpec = 10;
			files = (
				45FFDF6E21469DD50074ED79 /* TestFW.framework in CopyFiles */,
			);
			runOnlyForDeploymentPostprocessing = 0;
		};
/* End PBXCopyFilesBuildPhase section */

/* Begin PBXFileReference section */
		45FFDF0A21469A540074ED79 /* TestFramework.app */ = {isa = PBXFileReference; explicitFileType = wrapper.application; includeInIndex = 0; path = TestFramework.app; sourceTree = BUILT_PRODUCTS_DIR; };
		45FFDF0D21469A540074ED79 /* AppDelegate.swift */ = {isa = PBXFileReference; lastKnownFileType = sourcecode.swift; path = AppDelegate.swift; sourceTree = "<group>"; };
		45FFDF0F21469A540074ED79 /* ViewController.swift */ = {isa = PBXFileReference; lastKnownFileType = sourcecode.swift; path = ViewController.swift; sourceTree = "<group>"; };
		45FFDF1221469A540074ED79 /* Base */ = {isa = PBXFileReference; lastKnownFileType = file.storyboard; name = Base; path = Base.lproj/Main.storyboard; sourceTree = "<group>"; };
		45FFDF1421469A560074ED79 /* Assets.xcassets */ = {isa = PBXFileReference; lastKnownFileType = folder.assetcatalog; path = Assets.xcassets; sourceTree = "<group>"; };
		45FFDF1721469A560074ED79 /* Base */ = {isa = PBXFileReference; lastKnownFileType = file.storyboard; name = Base; path = Base.lproj/LaunchScreen.storyboard; sourceTree = "<group>"; };
		45FFDF1921469A560074ED79 /* Info.plist */ = {isa = PBXFileReference; lastKnownFileType = text.plist.xml; path = Info.plist; sourceTree = "<group>"; };
		45FFDF1E21469A560074ED79 /* TestFrameworkTests.xctest */ = {isa = PBXFileReference; explicitFileType = wrapper.cfbundle; includeInIndex = 0; path = TestFrameworkTests.xctest; sourceTree = BUILT_PRODUCTS_DIR; };
		45FFDF2221469A560074ED79 /* TestFrameworkTests.swift */ = {isa = PBXFileReference; lastKnownFileType = sourcecode.swift; path = TestFrameworkTests.swift; sourceTree = "<group>"; };
		45FFDF2421469A560074ED79 /* Info.plist */ = {isa = PBXFileReference; lastKnownFileType = text.plist.xml; path = Info.plist; sourceTree = "<group>"; };
		45FFDF2921469A560074ED79 /* TestFrameworkUITests.xctest */ = {isa = PBXFileReference; explicitFileType = wrapper.cfbundle; includeInIndex = 0; path = TestFrameworkUITests.xctest; sourceTree = BUILT_PRODUCTS_DIR; };
		45FFDF2D21469A560074ED79 /* TestFrameworkUITests.swift */ = {isa = PBXFileReference; lastKnownFileType = sourcecode.swift; path = TestFrameworkUITests.swift; sourceTree = "<group>"; };
		45FFDF2F21469A560074ED79 /* Info.plist */ = {isa = PBXFileReference; lastKnownFileType = text.plist.xml; path = Info.plist; sourceTree = "<group>"; };
		45FFDF6C21469DD00074ED79 /* TestFW.framework */ = {isa = PBXFileReference; lastKnownFileType = wrapper.framework; path = TestFW.framework; sourceTree = "<group>"; };
/* End PBXFileReference section */

/* Begin PBXFrameworksBuildPhase section */
		45FFDF0721469A540074ED79 /* Frameworks */ = {
			isa = PBXFrameworksBuildPhase;
			buildActionMask = 2147483647;
			files = (
				45FFDF6D21469DD00074ED79 /* TestFW.framework in Frameworks */,
			);
			runOnlyForDeploymentPostprocessing = 0;
		};
		45FFDF1B21469A560074ED79 /* Frameworks */ = {
			isa = PBXFrameworksBuildPhase;
			buildActionMask = 2147483647;
			files = (
			);
			runOnlyForDeploymentPostprocessing = 0;
		};
		45FFDF2621469A560074ED79 /* Frameworks */ = {
			isa = PBXFrameworksBuildPhase;
			buildActionMask = 2147483647;
			files = (
			);
			runOnlyForDeploymentPostprocessing = 0;
		};
/* End PBXFrameworksBuildPhase section */

/* Begin PBXGroup section */
		45FFDF0121469A530074ED79 = {
			isa = PBXGroup;
			children = (
				45FFDF6C21469DD00074ED79 /* TestFW.framework */,
				45FFDF0C21469A540074ED79 /* TestFramework */,
				45FFDF2121469A560074ED79 /* TestFrameworkTests */,
				45FFDF2C21469A560074ED79 /* TestFrameworkUITests */,
				45FFDF0B21469A540074ED79 /* Products */,
			);
			sourceTree = "<group>";
		};
		45FFDF0B21469A540074ED79 /* Products */ = {
			isa = PBXGroup;
			children = (
				45FFDF0A21469A540074ED79 /* TestFramework.app */,
				45FFDF1E21469A560074ED79 /* TestFrameworkTests.xctest */,
				45FFDF2921469A560074ED79 /* TestFrameworkUITests.xctest */,
			);
			name = Products;
			sourceTree = "<group>";
		};
		45FFDF0C21469A540074ED79 /* TestFramework */ = {
			isa = PBXGroup;
			children = (
				45FFDF0D21469A540074ED79 /* AppDelegate.swift */,
				45FFDF0F21469A540074ED79 /* ViewController.swift */,
				45FFDF1121469A540074ED79 /* Main.storyboard */,
				45FFDF1421469A560074ED79 /* Assets.xcassets */,
				45FFDF1621469A560074ED79 /* LaunchScreen.storyboard */,
				45FFDF1921469A560074ED79 /* Info.plist */,
			);
			path = TestFramework;
			sourceTree = "<group>";
		};
		45FFDF2121469A560074ED79 /* TestFrameworkTests */ = {
			isa = PBXGroup;
			children = (
				45FFDF2221469A560074ED79 /* TestFrameworkTests.swift */,
				45FFDF2421469A560074ED79 /* Info.plist */,
			);
			path = TestFrameworkTests;
			sourceTree = "<group>";
		};
		45FFDF2C21469A560074ED79 /* TestFrameworkUITests */ = {
			isa = PBXGroup;
			children = (
				45FFDF2D21469A560074ED79 /* TestFrameworkUITests.swift */,
				45FFDF2F21469A560074ED79 /* Info.plist */,
			);
			path = TestFrameworkUITests;
			sourceTree = "<group>";
		};
/* End PBXGroup section */

/* Begin PBXNativeTarget section */
		45FFDF0921469A540074ED79 /* TestFramework */ = {
			isa = PBXNativeTarget;
			buildConfigurationList = 45FFDF3221469A560074ED79 /* Build configuration list for PBXNativeTarget "TestFramework" */;
			buildPhases = (
				45FFDF0621469A540074ED79 /* Sources */,
				45FFDF0721469A540074ED79 /* Frameworks */,
				45FFDF0821469A540074ED79 /* Resources */,
				45FFDF6B21469C950074ED79 /* CopyFiles */,
			);
			buildRules = (
			);
			dependencies = (
			);
			name = TestFramework;
			productName = TestFramework;
			productReference = 45FFDF0A21469A540074ED79 /* TestFramework.app */;
			productType = "com.apple.product-type.application";
		};
		45FFDF1D21469A560074ED79 /* TestFrameworkTests */ = {
			isa = PBXNativeTarget;
			buildConfigurationList = 45FFDF3521469A560074ED79 /* Build configuration list for PBXNativeTarget "TestFrameworkTests" */;
			buildPhases = (
				45FFDF1A21469A560074ED79 /* Sources */,
				45FFDF1B21469A560074ED79 /* Frameworks */,
				45FFDF1C21469A560074ED79 /* Resources */,
			);
			buildRules = (
			);
			dependencies = (
				45FFDF2021469A560074ED79 /* PBXTargetDependency */,
			);
			name = TestFrameworkTests;
			productName = TestFrameworkTests;
			productReference = 45FFDF1E21469A560074ED79 /* TestFrameworkTests.xctest */;
			productType = "com.apple.product-type.bundle.unit-test";
		};
		45FFDF2821469A560074ED79 /* TestFrameworkUITests */ = {
			isa = PBXNativeTarget;
			buildConfigurationList = 45FFDF3821469A560074ED79 /* Build configuration list for PBXNativeTarget "TestFrameworkUITests" */;
			buildPhases = (
				45FFDF2521469A560074ED79 /* Sources */,
				45FFDF2621469A560074ED79 /* Frameworks */,
				45FFDF2721469A560074ED79 /* Resources */,
			);
			buildRules = (
			);
			dependencies = (
				45FFDF2B21469A560074ED79 /* PBXTargetDependency */,
			);
			name = TestFrameworkUITests;
			productName = TestFrameworkUITests;
			productReference = 45FFDF2921469A560074ED79 /* TestFrameworkUITests.xctest */;
			productType = "com.apple.product-type.bundle.ui-testing";
		};
/* End PBXNativeTarget section */

/* Begin PBXProject section */
		45FFDF0221469A530074ED79 /* Project object */ = {
			isa = PBXProject;
			attributes = {
				LastSwiftUpdateCheck = 0940;
				LastUpgradeCheck = 0940;
				ORGANIZATIONNAME = yangsen;
				TargetAttributes = {
					45FFDF0921469A540074ED79 = {
						CreatedOnToolsVersion = 9.4.1;
					};
					45FFDF1D21469A560074ED79 = {
						CreatedOnToolsVersion = 9.4.1;
						TestTargetID = 45FFDF0921469A540074ED79;
					};
					45FFDF2821469A560074ED79 = {
						CreatedOnToolsVersion = 9.4.1;
						TestTargetID = 45FFDF0921469A540074ED79;
					};
				};
			};
			buildConfigurationList = 45FFDF0521469A530074ED79 /* Build configuration list for PBXProject "TestFramework" */;
			compatibilityVersion = "Xcode 9.3";
			developmentRegion = en;
			hasScannedForEncodings = 0;
			knownRegions = (
				en,
				Base,
			);
			mainGroup = 45FFDF0121469A530074ED79;
			productRefGroup = 45FFDF0B21469A540074ED79 /* Products */;
			projectDirPath = "";
			projectRoot = "";
			targets = (
				45FFDF0921469A540074ED79 /* TestFramework */,
				45FFDF1D21469A560074ED79 /* TestFrameworkTests */,
				45FFDF2821469A560074ED79 /* TestFrameworkUITests */,
			);
		};
/* End PBXProject section */

/* Begin PBXResourcesBuildPhase section */
		45FFDF0821469A540074ED79 /* Resources */ = {
			isa = PBXResourcesBuildPhase;
			buildActionMask = 2147483647;
			files = (
				45FFDF1821469A560074ED79 /* LaunchScreen.storyboard in Resources */,
				45FFDF1521469A560074ED79 /* Assets.xcassets in Resources */,
				45FFDF1321469A540074ED79 /* Main.storyboard in Resources */,
			);
			runOnlyForDeploymentPostprocessing = 0;
		};
		45FFDF1C21469A560074ED79 /* Resources */ = {
			isa = PBXResourcesBuildPhase;
			buildActionMask = 2147483647;
			files = (
			);
			runOnlyForDeploymentPostprocessing = 0;
		};
		45FFDF2721469A560074ED79 /* Resources */ = {
			isa = PBXResourcesBuildPhase;
			buildActionMask = 2147483647;
			files = (
			);
			runOnlyForDeploymentPostprocessing = 0;
		};
/* End PBXResourcesBuildPhase section */

/* Begin PBXSourcesBuildPhase section */
		45FFDF0621469A540074ED79 /* Sources */ = {
			isa = PBXSourcesBuildPhase;
			buildActionMask = 2147483647;
			files = (
				45FFDF1021469A540074ED79 /* ViewController.swift in Sources */,
				45FFDF0E21469A540074ED79 /* AppDelegate.swift in Sources */,
			);
			runOnlyForDeploymentPostprocessing = 0;
		};
		45FFDF1A21469A560074ED79 /* Sources */ = {
			isa = PBXSourcesBuildPhase;
			buildActionMask = 2147483647;
			files = (
				45FFDF2321469A560074ED79 /* TestFrameworkTests.swift in Sources */,
			);
			runOnlyForDeploymentPostprocessing = 0;
		};
		45FFDF2521469A560074ED79 /* Sources */ = {
			isa = PBXSourcesBuildPhase;
			buildActionMask = 2147483647;
			files = (
				45FFDF2E21469A560074ED79 /* TestFrameworkUITests.swift in Sources */,
			);
			runOnlyForDeploymentPostprocessing = 0;
		};
/* End PBXSourcesBuildPhase section */

/* Begin PBXTargetDependency section */
		45FFDF2021469A560074ED79 /* PBXTargetDependency */ = {
			isa = PBXTargetDependency;
			target = 45FFDF0921469A540074ED79 /* TestFramework */;
			targetProxy = 45FFDF1F21469A560074ED79 /* PBXContainerItemProxy */;
		};
		45FFDF2B21469A560074ED79 /* PBXTargetDependency */ = {
			isa = PBXTargetDependency;
			target = 45FFDF0921469A540074ED79 /* TestFramework */;
			targetProxy = 45FFDF2A21469A560074ED79 /* PBXContainerItemProxy */;
		};
/* End PBXTargetDependency section */

/* Begin PBXVariantGroup section */
		45FFDF1121469A540074ED79 /* Main.storyboard */ = {
			isa = PBXVariantGroup;
			children = (
				45FFDF1221469A540074ED79 /* Base */,
			);
			name = Main.storyboard;
			sourceTree = "<group>";
		};
		45FFDF1621469A560074ED79 /* LaunchScreen.storyboard */ = {
			isa = PBXVariantGroup;
			children = (
				45FFDF1721469A560074ED79 /* Base */,
			);
			name = LaunchScreen.storyboard;
			sourceTree = "<group>";
		};
/* End PBXVariantGroup section */

/* Begin XCBuildConfiguration section */
		45FFDF3021469A560074ED79 /* Debug */ = {
			isa = XCBuildConfiguration;
			buildSettings = {
				ALWAYS_SEARCH_USER_PATHS = NO;
				CLANG_ANALYZER_NONNULL = YES;
				CLANG_ANALYZER_NUMBER_OBJECT_CONVERSION = YES_AGGRESSIVE;
				CLANG_CXX_LANGUAGE_STANDARD = "gnu++14";
				CLANG_CXX_LIBRARY = "libc++";
				CLANG_ENABLE_MODULES = YES;
				CLANG_ENABLE_OBJC_ARC = YES;
				CLANG_ENABLE_OBJC_WEAK = YES;
				CLANG_WARN_BLOCK_CAPTURE_AUTORELEASING = YES;
				CLANG_WARN_BOOL_CONVERSION = YES;
				CLANG_WARN_COMMA = YES;
				CLANG_WARN_CONSTANT_CONVERSION = YES;
				CLANG_WARN_DEPRECATED_OBJC_IMPLEMENTATIONS = YES;
				CLANG_WARN_DIRECT_OBJC_ISA_USAGE = YES_ERROR;
				CLANG_WARN_DOCUMENTATION_COMMENTS = YES;
				CLANG_WARN_EMPTY_BODY = YES;
				CLANG_WARN_ENUM_CONVERSION = YES;
				CLANG_WARN_INFINITE_RECURSION = YES;
				CLANG_WARN_INT_CONVERSION = YES;
				CLANG_WARN_NON_LITERAL_NULL_CONVERSION = YES;
				CLANG_WARN_OBJC_IMPLICIT_RETAIN_SELF = YES;
				CLANG_WARN_OBJC_LITERAL_CONVERSION = YES;
				CLANG_WARN_OBJC_ROOT_CLASS = YES_ERROR;
				CLANG_WARN_RANGE_LOOP_ANALYSIS = YES;
				CLANG_WARN_STRICT_PROTOTYPES = YES;
				CLANG_WARN_SUSPICIOUS_MOVE = YES;
				CLANG_WARN_UNGUARDED_AVAILABILITY = YES_AGGRESSIVE;
				CLANG_WARN_UNREACHABLE_CODE = YES;
				CLANG_WARN__DUPLICATE_METHOD_MATCH = YES;
				CODE_SIGN_IDENTITY = "iPhone Developer";
				COPY_PHASE_STRIP = NO;
				DEBUG_INFORMATION_FORMAT = dwarf;
				ENABLE_STRICT_OBJC_MSGSEND = YES;
				ENABLE_TESTABILITY = YES;
				GCC_C_LANGUAGE_STANDARD = gnu11;
				GCC_DYNAMIC_NO_PIC = NO;
				GCC_NO_COMMON_BLOCKS = YES;
				GCC_OPTIMIZATION_LEVEL = 0;
				GCC_PREPROCESSOR_DEFINITIONS = (
					"DEBUG=1",
					"$(inherited)",
				);
				GCC_WARN_64_TO_32_BIT_CONVERSION = YES;
				GCC_WARN_ABOUT_RETURN_TYPE = YES_ERROR;
				GCC_WARN_UNDECLARED_SELECTOR = YES;
				GCC_WARN_UNINITIALIZED_AUTOS = YES_AGGRESSIVE;
				GCC_WARN_UNUSED_FUNCTION = YES;
				GCC_WARN_UNUSED_VARIABLE = YES;
				IPHONEOS_DEPLOYMENT_TARGET = 11.4;
				MTL_ENABLE_DEBUG_INFO = YES;
				ONLY_ACTIVE_ARCH = YES;
				SDKROOT = iphoneos;
				SWIFT_ACTIVE_COMPILATION_CONDITIONS = DEBUG;
				SWIFT_OPTIMIZATION_LEVEL = "-Onone";
			};
			name = Debug;
		};
		45FFDF3121469A560074ED79 /* Release */ = {
			isa = XCBuildConfiguration;
			buildSettings = {
				ALWAYS_SEARCH_USER_PATHS = NO;
				CLANG_ANALYZER_NONNULL = YES;
				CLANG_ANALYZER_NUMBER_OBJECT_CONVERSION = YES_AGGRESSIVE;
				CLANG_CXX_LANGUAGE_STANDARD = "gnu++14";
				CLANG_CXX_LIBRARY = "libc++";
				CLANG_ENABLE_MODULES = YES;
				CLANG_ENABLE_OBJC_ARC = YES;
				CLANG_ENABLE_OBJC_WEAK = YES;
				CLANG_WARN_BLOCK_CAPTURE_AUTORELEASING = YES;
				CLANG_WARN_BOOL_CONVERSION = YES;
				CLANG_WARN_COMMA = YES;
				CLANG_WARN_CONSTANT_CONVERSION = YES;
				CLANG_WARN_DEPRECATED_OBJC_IMPLEMENTATIONS = YES;
				CLANG_WARN_DIRECT_OBJC_ISA_USAGE = YES_ERROR;
				CLANG_WARN_DOCUMENTATION_COMMENTS = YES;
				CLANG_WARN_EMPTY_BODY = YES;
				CLANG_WARN_ENUM_CONVERSION = YES;
				CLANG_WARN_INFINITE_RECURSION = YES;
				CLANG_WARN_INT_CONVERSION = YES;
				CLANG_WARN_NON_LITERAL_NULL_CONVERSION = YES;
				CLANG_WARN_OBJC_IMPLICIT_RETAIN_SELF = YES;
				CLANG_WARN_OBJC_LITERAL_CONVERSION = YES;
				CLANG_WARN_OBJC_ROOT_CLASS = YES_ERROR;
				CLANG_WARN_RANGE_LOOP_ANALYSIS = YES;
				CLANG_WARN_STRICT_PROTOTYPES = YES;
				CLANG_WARN_SUSPICIOUS_MOVE = YES;
				CLANG_WARN_UNGUARDED_AVAILABILITY = YES_AGGRESSIVE;
				CLANG_WARN_UNREACHABLE_CODE = YES;
				CLANG_WARN__DUPLICATE_METHOD_MATCH = YES;
				CODE_SIGN_IDENTITY = "iPhone Developer";
				COPY_PHASE_STRIP = NO;
				DEBUG_INFORMATION_FORMAT = "dwarf-with-dsym";
				ENABLE_NS_ASSERTIONS = NO;
				ENABLE_STRICT_OBJC_MSGSEND = YES;
				GCC_C_LANGUAGE_STANDARD = gnu11;
				GCC_NO_COMMON_BLOCKS = YES;
				GCC_WARN_64_TO_32_BIT_CONVERSION = YES;
				GCC_WARN_ABOUT_RETURN_TYPE = YES_ERROR;
				GCC_WARN_UNDECLARED_SELECTOR = YES;
				GCC_WARN_UNINITIALIZED_AUTOS = YES_AGGRESSIVE;
				GCC_WARN_UNUSED_FUNCTION = YES;
				GCC_WARN_UNUSED_VARIABLE = YES;
				IPHONEOS_DEPLOYMENT_TARGET = 11.4;
				MTL_ENABLE_DEBUG_INFO = NO;
				SDKROOT = iphoneos;
				SWIFT_COMPILATION_MODE = wholemodule;
				SWIFT_OPTIMIZATION_LEVEL = "-O";
				VALIDATE_PRODUCT = YES;
			};
			name = Release;
		};
		45FFDF3321469A560074ED79 /* Debug */ = {
			isa = XCBuildConfiguration;
			buildSettings = {
				ASSETCATALOG_COMPILER_APPICON_NAME = AppIcon;
				CODE_SIGN_STYLE = Automatic;
				FRAMEWORK_SEARCH_PATHS = (
					"$(inherited)",
					"$(PROJECT_DIR)",
				);
				INFOPLIST_FILE = TestFramework/Info.plist;
				LD_RUNPATH_SEARCH_PATHS = (
					"$(inherited)",
					"@executable_path/Frameworks",
				);
				PRODUCT_BUNDLE_IDENTIFIER = com.yangsen.TestFramework;
				PRODUCT_NAME = "$(TARGET_NAME)";
				SWIFT_VERSION = 4.0;
				TARGETED_DEVICE_FAMILY = "1,2";
			};
			name = Debug;
		};
		45FFDF3421469A560074ED79 /* Release */ = {
			isa = XCBuildConfiguration;
			buildSettings = {
				ASSETCATALOG_COMPILER_APPICON_NAME = AppIcon;
				CODE_SIGN_STYLE = Automatic;
				FRAMEWORK_SEARCH_PATHS = (
					"$(inherited)",
					"$(PROJECT_DIR)",
				);
				INFOPLIST_FILE = TestFramework/Info.plist;
				LD_RUNPATH_SEARCH_PATHS = (
					"$(inherited)",
					"@executable_path/Frameworks",
				);
				PRODUCT_BUNDLE_IDENTIFIER = com.yangsen.TestFramework;
				PRODUCT_NAME = "$(TARGET_NAME)";
				SWIFT_VERSION = 4.0;
				TARGETED_DEVICE_FAMILY = "1,2";
			};
			name = Release;
		};
		45FFDF3621469A560074ED79 /* Debug */ = {
			isa = XCBuildConfiguration;
			buildSettings = {
				ALWAYS_EMBED_SWIFT_STANDARD_LIBRARIES = YES;
				BUNDLE_LOADER = "$(TEST_HOST)";
				CODE_SIGN_STYLE = Automatic;
				INFOPLIST_FILE = TestFrameworkTests/Info.plist;
				LD_RUNPATH_SEARCH_PATHS = (
					"$(inherited)",
					"@executable_path/Frameworks",
					"@loader_path/Frameworks",
				);
				PRODUCT_BUNDLE_IDENTIFIER = com.yangsen.TestFrameworkTests;
				PRODUCT_NAME = "$(TARGET_NAME)";
				SWIFT_VERSION = 4.0;
				TARGETED_DEVICE_FAMILY = "1,2";
				TEST_HOST = "$(BUILT_PRODUCTS_DIR)/TestFramework.app/TestFramework";
			};
			name = Debug;
		};
		45FFDF3721469A560074ED79 /* Release */ = {
			isa = XCBuildConfiguration;
			buildSettings = {
				ALWAYS_EMBED_SWIFT_STANDARD_LIBRARIES = YES;
				BUNDLE_LOADER = "$(TEST_HOST)";
				CODE_SIGN_STYLE = Automatic;
				INFOPLIST_FILE = TestFrameworkTests/Info.plist;
				LD_RUNPATH_SEARCH_PATHS = (
					"$(inherited)",
					"@executable_path/Frameworks",
					"@loader_path/Frameworks",
				);
				PRODUCT_BUNDLE_IDENTIFIER = com.yangsen.TestFrameworkTests;
				PRODUCT_NAME = "$(TARGET_NAME)";
				SWIFT_VERSION = 4.0;
				TARGETED_DEVICE_FAMILY = "1,2";
				TEST_HOST = "$(BUILT_PRODUCTS_DIR)/TestFramework.app/TestFramework";
			};
			name = Release;
		};
		45FFDF3921469A560074ED79 /* Debug */ = {
			isa = XCBuildConfiguration;
			buildSettings = {
				ALWAYS_EMBED_SWIFT_STANDARD_LIBRARIES = YES;
				CODE_SIGN_STYLE = Automatic;
				INFOPLIST_FILE = TestFrameworkUITests/Info.plist;
				LD_RUNPATH_SEARCH_PATHS = (
					"$(inherited)",
					"@executable_path/Frameworks",
					"@loader_path/Frameworks",
				);
				PRODUCT_BUNDLE_IDENTIFIER = com.yangsen.TestFrameworkUITests;
				PRODUCT_NAME = "$(TARGET_NAME)";
				SWIFT_VERSION = 4.0;
				TARGETED_DEVICE_FAMILY = "1,2";
				TEST_TARGET_NAME = TestFramework;
			};
			name = Debug;
		};
		45FFDF3A21469A560074ED79 /* Release */ = {
			isa = XCBuildConfiguration;
			buildSettings = {
				ALWAYS_EMBED_SWIFT_STANDARD_LIBRARIES = YES;
				CODE_SIGN_STYLE = Automatic;
				INFOPLIST_FILE = TestFrameworkUITests/Info.plist;
				LD_RUNPATH_SEARCH_PATHS = (
					"$(inherited)",
					"@executable_path/Frameworks",
					"@loader_path/Frameworks",
				);
				PRODUCT_BUNDLE_IDENTIFIER = com.yangsen.TestFrameworkUITests;
				PRODUCT_NAME = "$(TARGET_NAME)";
				SWIFT_VERSION = 4.0;
				TARGETED_DEVICE_FAMILY = "1,2";
				TEST_TARGET_NAME = TestFramework;
			};
			name = Release;
		};
/* End XCBuildConfiguration section */

/* Begin XCConfigurationList section */
		45FFDF0521469A530074ED79 /* Build configuration list for PBXProject "TestFramework" */ = {
			isa = XCConfigurationList;
			buildConfigurations = (
				45FFDF3021469A560074ED79 /* Debug */,
				45FFDF3121469A560074ED79 /* Release */,
			);
			defaultConfigurationIsVisible = 0;
			defaultConfigurationName = Release;
		};
		45FFDF3221469A560074ED79 /* Build configuration list for PBXNativeTarget "TestFramework" */ = {
			isa = XCConfigurationList;
			buildConfigurations = (
				45FFDF3321469A560074ED79 /* Debug */,
				45FFDF3421469A560074ED79 /* Release */,
			);
			defaultConfigurationIsVisible = 0;
			defaultConfigurationName = Release;
		};
		45FFDF3521469A560074ED79 /* Build configuration list for PBXNativeTarget "TestFrameworkTests" */ = {
			isa = XCConfigurationList;
			buildConfigurations = (
				45FFDF3621469A560074ED79 /* Debug */,
				45FFDF3721469A560074ED79 /* Release */,
			);
			defaultConfigurationIsVisible = 0;
			defaultConfigurationName = Release;
		};
		45FFDF3821469A560074ED79 /* Build configuration list for PBXNativeTarget "TestFrameworkUITests" */ = {
			isa = XCConfigurationList;
			buildConfigurations = (
				45FFDF3921469A560074ED79 /* Debug */,
				45FFDF3A21469A560074ED79 /* Release */,
			);
			defaultConfigurationIsVisible = 0;
			defaultConfigurationName = Release;
		};
/* End XCConfigurationList section */
	};
	rootObject = 45FFDF0221469A530074ED79 /* Project object */;
}
